// !$*UTF8*$!
{
	archiveVersion = 1;
	classes = {
	};
	objectVersion = 46;
	objects = {

/* Begin PBXBuildFile section */
		824FABC61D2E51CC00A29884 /* main.m in Sources */ = {isa = PBXBuildFile; fileRef = 824FABC51D2E51CC00A29884 /* main.m */; };
		824FABC91D2E51CC00A29884 /* AppDelegate.m in Sources */ = {isa = PBXBuildFile; fileRef = 824FABC81D2E51CC00A29884 /* AppDelegate.m */; };
		824FABCC1D2E51CC00A29884 /* ViewController.m in Sources */ = {isa = PBXBuildFile; fileRef = 824FABCB1D2E51CC00A29884 /* ViewController.m */; };
		824FABCF1D2E51CC00A29884 /* Main.storyboard in Resources */ = {isa = PBXBuildFile; fileRef = 824FABCD1D2E51CC00A29884 /* Main.storyboard */; };
		824FABD11D2E51CC00A29884 /* Assets.xcassets in Resources */ = {isa = PBXBuildFile; fileRef = 824FABD01D2E51CC00A29884 /* Assets.xcassets */; };
		824FABD41D2E51CC00A29884 /* LaunchScreen.storyboard in Resources */ = {isa = PBXBuildFile; fileRef = 824FABD21D2E51CC00A29884 /* LaunchScreen.storyboard */; };
		824FABDF1D2E51CC00A29884 /* testDemoTests.m in Sources */ = {isa = PBXBuildFile; fileRef = 824FABDE1D2E51CC00A29884 /* testDemoTests.m */; };
		824FABEA1D2E51CC00A29884 /* testDemoUITests.m in Sources */ = {isa = PBXBuildFile; fileRef = 824FABE91D2E51CC00A29884 /* testDemoUITests.m */; };
/* End PBXBuildFile section */

/* Begin PBXContainerItemProxy section */
		824FABDB1D2E51CC00A29884 /* PBXContainerItemProxy */ = {
			isa = PBXContainerItemProxy;
			containerPortal = 824FABB91D2E51CC00A29884 /* Project object */;
			proxyType = 1;
			remoteGlobalIDString = 824FABC01D2E51CC00A29884;
			remoteInfo = testDemo;
		};
		824FABE61D2E51CC00A29884 /* PBXContainerItemProxy */ = {
			isa = PBXContainerItemProxy;
			containerPortal = 824FABB91D2E51CC00A29884 /* Project object */;
			proxyType = 1;
			remoteGlobalIDString = 824FABC01D2E51CC00A29884;
			remoteInfo = testDemo;
		};
/* End PBXContainerItemProxy section */

/* Begin PBXFileReference section */
		824FABC11D2E51CC00A29884 /* testDemo.app */ = {isa = PBXFileReference; explicitFileType = wrapper.application; includeInIndex = 0; path = testDemo.app; sourceTree = BUILT_PRODUCTS_DIR; };
		824FABC51D2E51CC00A29884 /* main.m */ = {isa = PBXFileReference; lastKnownFileType = sourcecode.c.objc; path = main.m; sourceTree = "<group>"; };
		824FABC71D2E51CC00A29884 /* AppDelegate.h */ = {isa = PBXFileReference; lastKnownFileType = sourcecode.c.h; path = AppDelegate.h; sourceTree = "<group>"; };
		824FABC81D2E51CC00A29884 /* AppDelegate.m */ = {isa = PBXFileReference; lastKnownFileType = sourcecode.c.objc; path = AppDelegate.m; sourceTree = "<group>"; };
		824FABCA1D2E51CC00A29884 /* ViewController.h */ = {isa = PBXFileReference; lastKnownFileType = sourcecode.c.h; path = ViewController.h; sourceTree = "<group>"; };
		824FABCB1D2E51CC00A29884 /* ViewController.m */ = {isa = PBXFileReference; lastKnownFileType = sourcecode.c.objc; path = ViewController.m; sourceTree = "<group>"; };
		824FABCE1D2E51CC00A29884 /* Base */ = {isa = PBXFileReference; lastKnownFileType = file.storyboard; name = Base; path = Base.lproj/Main.storyboard; sourceTree = "<group>"; };
		824FABD01D2E51CC00A29884 /* Assets.xcassets */ = {isa = PBXFileReference; lastKnownFileType = folder.assetcatalog; path = Assets.xcassets; sourceTree = "<group>"; };
		824FABD31D2E51CC00A29884 /* Base */ = {isa = PBXFileReference; lastKnownFileType = file.storyboard; name = Base; path = Base.lproj/LaunchScreen.storyboard; sourceTree = "<group>"; };
		824FABD51D2E51CC00A29884 /* Info.plist */ = {isa = PBXFileReference; lastKnownFileType = text.plist.xml; path = Info.plist; sourceTree = "<group>"; };
		824FABDA1D2E51CC00A29884 /* testDemoTests.xctest */ = {isa = PBXFileReference; explicitFileType = wrapper.cfbundle; includeInIndex = 0; path = testDemoTests.xctest; sourceTree = BUILT_PRODUCTS_DIR; };
		824FABDE1D2E51CC00A29884 /* testDemoTests.m */ = {isa = PBXFileReference; lastKnownFileType = sourcecode.c.objc; path = testDemoTests.m; sourceTree = "<group>"; };
		824FABE01D2E51CC00A29884 /* Info.plist */ = {isa = PBXFileReference; lastKnownFileType = text.plist.xml; path = Info.plist; sourceTree = "<group>"; };
		824FABE51D2E51CC00A29884 /* testDemoUITests.xctest */ = {isa = PBXFileReference; explicitFileType = wrapper.cfbundle; includeInIndex = 0; path = testDemoUITests.xctest; sourceTree = BUILT_PRODUCTS_DIR; };
		824FABE91D2E51CC00A29884 /* testDemoUITests.m */ = {isa = PBXFileReference; lastKnownFileType = sourcecode.c.objc; path = testDemoUITests.m; sourceTree = "<group>"; };
		824FABEB1D2E51CC00A29884 /* Info.plist */ = {isa = PBXFileReference; lastKnownFileType = text.plist.xml; path = Info.plist; sourceTree = "<group>"; };
/* End PBXFileReference section */

/* Begin PBXFrameworksBuildPhase section */
		824FABBE1D2E51CC00A29884 /* Frameworks */ = {
			isa = PBXFrameworksBuildPhase;
			buildActionMask = 2147483647;
			files = (
			);
			runOnlyForDeploymentPostprocessing = 0;
		};
		824FABD71D2E51CC00A29884 /* Frameworks */ = {
			isa = PBXFrameworksBuildPhase;
			buildActionMask = 2147483647;
			files = (
			);
			runOnlyForDeploymentPostprocessing = 0;
		};
		824FABE21D2E51CC00A29884 /* Frameworks */ = {
			isa = PBXFrameworksBuildPhase;
			buildActionMask = 2147483647;
			files = (
			);
			runOnlyForDeploymentPostprocessing = 0;
		};
/* End PBXFrameworksBuildPhase section */

/* Begin PBXGroup section */
		824FABB81D2E51CC00A29884 = {
			isa = PBXGroup;
			children = (
				824FABC31D2E51CC00A29884 /* testDemo */,
				824FABDD1D2E51CC00A29884 /* testDemoTests */,
				824FABE81D2E51CC00A29884 /* testDemoUITests */,
				824FABC21D2E51CC00A29884 /* Products */,
			);
			sourceTree = "<group>";
		};
		824FABC21D2E51CC00A29884 /* Products */ = {
			isa = PBXGroup;
			children = (
				824FABC11D2E51CC00A29884 /* testDemo.app */,
				824FABDA1D2E51CC00A29884 /* testDemoTests.xctest */,
				824FABE51D2E51CC00A29884 /* testDemoUITests.xctest */,
			);
			name = Products;
			sourceTree = "<group>";
		};
		824FABC31D2E51CC00A29884 /* testDemo */ = {
			isa = PBXGroup;
			children = (
				824FABC71D2E51CC00A29884 /* AppDelegate.h */,
				824FABC81D2E51CC00A29884 /* AppDelegate.m */,
				824FABCA1D2E51CC00A29884 /* ViewController.h */,
				824FABCB1D2E51CC00A29884 /* ViewController.m */,
				824FABCD1D2E51CC00A29884 /* Main.storyboard */,
				824FABD01D2E51CC00A29884 /* Assets.xcassets */,
				824FABD21D2E51CC00A29884 /* LaunchScreen.storyboard */,
				824FABD51D2E51CC00A29884 /* Info.plist */,
				824FABC41D2E51CC00A29884 /* Supporting Files */,
			);
			path = testDemo;
			sourceTree = "<group>";
		};
		824FABC41D2E51CC00A29884 /* Supporting Files */ = {
			isa = PBXGroup;
			children = (
				824FABC51D2E51CC00A29884 /* main.m */,
			);
			name = "Supporting Files";
			sourceTree = "<group>";
		};
		824FABDD1D2E51CC00A29884 /* testDemoTests */ = {
			isa = PBXGroup;
			children = (
				824FABDE1D2E51CC00A29884 /* testDemoTests.m */,
				824FABE01D2E51CC00A29884 /* Info.plist */,
			);
			path = testDemoTests;
			sourceTree = "<group>";
		};
		824FABE81D2E51CC00A29884 /* testDemoUITests */ = {
			isa = PBXGroup;
			children = (
				824FABE91D2E51CC00A29884 /* testDemoUITests.m */,
				824FABEB1D2E51CC00A29884 /* Info.plist */,
			);
			path = testDemoUITests;
			sourceTree = "<group>";
		};
/* End PBXGroup section */

/* Begin PBXNativeTarget section */
		824FABC01D2E51CC00A29884 /* testDemo */ = {
			isa = PBXNativeTarget;
			buildConfigurationList = 824FABEE1D2E51CC00A29884 /* Build configuration list for PBXNativeTarget "testDemo" */;
			buildPhases = (
				824FABBD1D2E51CC00A29884 /* Sources */,
				824FABBE1D2E51CC00A29884 /* Frameworks */,
				824FABBF1D2E51CC00A29884 /* Resources */,
			);
			buildRules = (
			);
			dependencies = (
			);
			name = testDemo;
			productName = testDemo;
			productReference = 824FABC11D2E51CC00A29884 /* testDemo.app */;
			productType = "com.apple.product-type.application";
		};
		824FABD91D2E51CC00A29884 /* testDemoTests */ = {
			isa = PBXNativeTarget;
			buildConfigurationList = 824FABF11D2E51CC00A29884 /* Build configuration list for PBXNativeTarget "testDemoTests" */;
			buildPhases = (
				824FABD61D2E51CC00A29884 /* Sources */,
				824FABD71D2E51CC00A29884 /* Frameworks */,
				824FABD81D2E51CC00A29884 /* Resources */,
			);
			buildRules = (
			);
			dependencies = (
				824FABDC1D2E51CC00A29884 /* PBXTargetDependency */,
			);
			name = testDemoTests;
			productName = testDemoTests;
			productReference = 824FABDA1D2E51CC00A29884 /* testDemoTests.xctest */;
			productType = "com.apple.product-type.bundle.unit-test";
		};
		824FABE41D2E51CC00A29884 /* testDemoUITests */ = {
			isa = PBXNativeTarget;
			buildConfigurationList = 824FABF41D2E51CC00A29884 /* Build configuration list for PBXNativeTarget "testDemoUITests" */;
			buildPhases = (
				824FABE11D2E51CC00A29884 /* Sources */,
				824FABE21D2E51CC00A29884 /* Frameworks */,
				824FABE31D2E51CC00A29884 /* Resources */,
			);
			buildRules = (
			);
			dependencies = (
				824FABE71D2E51CC00A29884 /* PBXTargetDependency */,
			);
			name = testDemoUITests;
			productName = testDemoUITests;
			productReference = 824FABE51D2E51CC00A29884 /* testDemoUITests.xctest */;
			productType = "com.apple.product-type.bundle.ui-testing";
		};
/* End PBXNativeTarget section */

/* Begin PBXProject section */
		824FABB91D2E51CC00A29884 /* Project object */ = {
			isa = PBXProject;
			attributes = {
				LastUpgradeCheck = 0730;
				ORGANIZATIONNAME = "Venkata Subbarao";
				TargetAttributes = {
					824FABC01D2E51CC00A29884 = {
						CreatedOnToolsVersion = 7.3;
					};
					824FABD91D2E51CC00A29884 = {
						CreatedOnToolsVersion = 7.3;
						TestTargetID = 824FABC01D2E51CC00A29884;
					};
					824FABE41D2E51CC00A29884 = {
						CreatedOnToolsVersion = 7.3;
						TestTargetID = 824FABC01D2E51CC00A29884;
					};
				};
			};
			buildConfigurationList = 824FABBC1D2E51CC00A29884 /* Build configuration list for PBXProject "testDemo" */;
			compatibilityVersion = "Xcode 3.2";
			developmentRegion = English;
			hasScannedForEncodings = 0;
			knownRegions = (
				en,
				Base,
			);
			mainGroup = 824FABB81D2E51CC00A29884;
			productRefGroup = 824FABC21D2E51CC00A29884 /* Products */;
			projectDirPath = "";
			projectRoot = "";
			targets = (
				824FABC01D2E51CC00A29884 /* testDemo */,
				824FABD91D2E51CC00A29884 /* testDemoTests */,
				824FABE41D2E51CC00A29884 /* testDemoUITests */,
			);
		};
/* End PBXProject section */

/* Begin PBXResourcesBuildPhase section */
		824FABBF1D2E51CC00A29884 /* Resources */ = {
			isa = PBXResourcesBuildPhase;
			buildActionMask = 2147483647;
			files = (
				824FABD41D2E51CC00A29884 /* LaunchScreen.storyboard in Resources */,
				824FABD11D2E51CC00A29884 /* Assets.xcassets in Resources */,
				824FABCF1D2E51CC00A29884 /* Main.storyboard in Resources */,
			);
			runOnlyForDeploymentPostprocessing = 0;
		};
		824FABD81D2E51CC00A29884 /* Resources */ = {
			isa = PBXResourcesBuildPhase;
			buildActionMask = 2147483647;
			files = (
			);
			runOnlyForDeploymentPostprocessing = 0;
		};
		824FABE31D2E51CC00A29884 /* Resources */ = {
			isa = PBXResourcesBuildPhase;
			buildActionMask = 2147483647;
			files = (
			);
			runOnlyForDeploymentPostprocessing = 0;
		};
/* End PBXResourcesBuildPhase section */

/* Begin PBXSourcesBuildPhase section */
		824FABBD1D2E51CC00A29884 /* Sources */ = {
			isa = PBXSourcesBuildPhase;
			buildActionMask = 2147483647;
			files = (
				824FABCC1D2E51CC00A29884 /* ViewController.m in Sources */,
				824FABC91D2E51CC00A29884 /* AppDelegate.m in Sources */,
				824FABC61D2E51CC00A29884 /* main.m in Sources */,
			);
			runOnlyForDeploymentPostprocessing = 0;
		};
		824FABD61D2E51CC00A29884 /* Sources */ = {
			isa = PBXSourcesBuildPhase;
			buildActionMask = 2147483647;
			files = (
				824FABDF1D2E51CC00A29884 /* testDemoTests.m in Sources */,
			);
			runOnlyForDeploymentPostprocessing = 0;
		};
		824FABE11D2E51CC00A29884 /* Sources */ = {
			isa = PBXSourcesBuildPhase;
			buildActionMask = 2147483647;
			files = (
				824FABEA1D2E51CC00A29884 /* testDemoUITests.m in Sources */,
			);
			runOnlyForDeploymentPostprocessing = 0;
		};
/* End PBXSourcesBuildPhase section */

/* Begin PBXTargetDependency section */
		824FABDC1D2E51CC00A29884 /* PBXTargetDependency */ = {
			isa = PBXTargetDependency;
			target = 824FABC01D2E51CC00A29884 /* testDemo */;
			targetProxy = 824FABDB1D2E51CC00A29884 /* PBXContainerItemProxy */;
		};
		824FABE71D2E51CC00A29884 /* PBXTargetDependency */ = {
			isa = PBXTargetDependency;
			target = 824FABC01D2E51CC00A29884 /* testDemo */;
			targetProxy = 824FABE61D2E51CC00A29884 /* PBXContainerItemProxy */;
		};
/* End PBXTargetDependency section */

/* Begin PBXVariantGroup section */
		824FABCD1D2E51CC00A29884 /* Main.storyboard */ = {
			isa = PBXVariantGroup;
			children = (
				824FABCE1D2E51CC00A29884 /* Base */,
			);
			name = Main.storyboard;
			sourceTree = "<group>";
		};
		824FABD21D2E51CC00A29884 /* LaunchScreen.storyboard */ = {
			isa = PBXVariantGroup;
			children = (
				824FABD31D2E51CC00A29884 /* Base */,
			);
			name = LaunchScreen.storyboard;
			sourceTree = "<group>";
		};
/* End PBXVariantGroup section */

/* Begin XCBuildConfiguration section */
		824FABEC1D2E51CC00A29884 /* Debug */ = {
			isa = XCBuildConfiguration;
			buildSettings = {
				ALWAYS_SEARCH_USER_PATHS = NO;
				CLANG_ANALYZER_NONNULL = YES;
				CLANG_CXX_LANGUAGE_STANDARD = "gnu++0x";
				CLANG_CXX_LIBRARY = "libc++";
				CLANG_ENABLE_MODULES = YES;
				CLANG_ENABLE_OBJC_ARC = YES;
				CLANG_WARN_BOOL_CONVERSION = YES;
				CLANG_WARN_CONSTANT_CONVERSION = YES;
				CLANG_WARN_DIRECT_OBJC_ISA_USAGE = YES_ERROR;
				CLANG_WARN_EMPTY_BODY = YES;
				CLANG_WARN_ENUM_CONVERSION = YES;
				CLANG_WARN_INT_CONVERSION = YES;
				CLANG_WARN_OBJC_ROOT_CLASS = YES_ERROR;
				CLANG_WARN_UNREACHABLE_CODE = YES;
				CLANG_WARN__DUPLICATE_METHOD_MATCH = YES;
				"CODE_SIGN_IDENTITY[sdk=iphoneos*]" = "iPhone Developer";
				COPY_PHASE_STRIP = NO;
				DEBUG_INFORMATION_FORMAT = dwarf;
				ENABLE_STRICT_OBJC_MSGSEND = YES;
				ENABLE_TESTABILITY = YES;
				GCC_C_LANGUAGE_STANDARD = gnu99;
				GCC_DYNAMIC_NO_PIC = NO;
				GCC_NO_COMMON_BLOCKS = YES;
				GCC_OPTIMIZATION_LEVEL = 0;
				GCC_PREPROCESSOR_DEFINITIONS = (
					"DEBUG=1",
					"$(inherited)",
				);
				GCC_WARN_64_TO_32_BIT_CONVERSION = YES;
				GCC_WARN_ABOUT_RETURN_TYPE = YES_ERROR;
				GCC_WARN_UNDECLARED_SELECTOR = YES;
				GCC_WARN_UNINITIALIZED_AUTOS = YES_AGGRESSIVE;
				GCC_WARN_UNUSED_FUNCTION = YES;
				GCC_WARN_UNUSED_VARIABLE = YES;
				IPHONEOS_DEPLOYMENT_TARGET = 9.3;
				MTL_ENABLE_DEBUG_INFO = YES;
				ONLY_ACTIVE_ARCH = YES;
				SDKROOT = iphoneos;
			};
			name = Debug;
		};
		824FABED1D2E51CC00A29884 /* Release */ = {
			isa = XCBuildConfiguration;
			buildSettings = {
				ALWAYS_SEARCH_USER_PATHS = NO;
				CLANG_ANALYZER_NONNULL = YES;
				CLANG_CXX_LANGUAGE_STANDARD = "gnu++0x";
				CLANG_CXX_LIBRARY = "libc++";
				CLANG_ENABLE_MODULES = YES;
				CLANG_ENABLE_OBJC_ARC = YES;
				CLANG_WARN_BOOL_CONVERSION = YES;
				CLANG_WARN_CONSTANT_CONVERSION = YES;
				CLANG_WARN_DIRECT_OBJC_ISA_USAGE = YES_ERROR;
				CLANG_WARN_EMPTY_BODY = YES;
				CLANG_WARN_ENUM_CONVERSION = YES;
				CLANG_WARN_INT_CONVERSION = YES;
				CLANG_WARN_OBJC_ROOT_CLASS = YES_ERROR;
				CLANG_WARN_UNREACHABLE_CODE = YES;
				CLANG_WARN__DUPLICATE_METHOD_MATCH = YES;
				"CODE_SIGN_IDENTITY[sdk=iphoneos*]" = "iPhone Developer";
				COPY_PHASE_STRIP = NO;
				DEBUG_INFORMATION_FORMAT = "dwarf-with-dsym";
				ENABLE_NS_ASSERTIONS = NO;
				ENABLE_STRICT_OBJC_MSGSEND = YES;
				GCC_C_LANGUAGE_STANDARD = gnu99;
				GCC_NO_COMMON_BLOCKS = YES;
				GCC_WARN_64_TO_32_BIT_CONVERSION = YES;
				GCC_WARN_ABOUT_RETURN_TYPE = YES_ERROR;
				GCC_WARN_UNDECLARED_SELECTOR = YES;
				GCC_WARN_UNINITIALIZED_AUTOS = YES_AGGRESSIVE;
				GCC_WARN_UNUSED_FUNCTION = YES;
				GCC_WARN_UNUSED_VARIABLE = YES;
				IPHONEOS_DEPLOYMENT_TARGET = 9.3;
				MTL_ENABLE_DEBUG_INFO = NO;
				SDKROOT = iphoneos;
				VALIDATE_PRODUCT = YES;
			};
			name = Release;
		};
		824FABEF1D2E51CC00A29884 /* Debug */ = {
			isa = XCBuildConfiguration;
			buildSettings = {
				ASSETCATALOG_COMPILER_APPICON_NAME = AppIcon;
				INFOPLIST_FILE = testDemo/Info.plist;
				LD_RUNPATH_SEARCH_PATHS = "$(inherited) @executable_path/Frameworks";
				PRODUCT_BUNDLE_IDENTIFIER = com.stats.testDemo;
				PRODUCT_NAME = "$(TARGET_NAME)";
			};
			name = Debug;
		};
		824FABF01D2E51CC00A29884 /* Release */ = {
			isa = XCBuildConfiguration;
			buildSettings = {
				ASSETCATALOG_COMPILER_APPICON_NAME = AppIcon;
				INFOPLIST_FILE = testDemo/Info.plist;
				LD_RUNPATH_SEARCH_PATHS = "$(inherited) @executable_path/Frameworks";
				PRODUCT_BUNDLE_IDENTIFIER = com.stats.testDemo;
				PRODUCT_NAME = "$(TARGET_NAME)";
			};
			name = Release;
		};
		824FABF21D2E51CC00A29884 /* Debug */ = {
			isa = XCBuildConfiguration;
			buildSettings = {
				BUNDLE_LOADER = "$(TEST_HOST)";
				INFOPLIST_FILE = testDemoTests/Info.plist;
				LD_RUNPATH_SEARCH_PATHS = "$(inherited) @executable_path/Frameworks @loader_path/Frameworks";
				PRODUCT_BUNDLE_IDENTIFIER = com.stats.testDemoTests;
				PRODUCT_NAME = "$(TARGET_NAME)";
				TEST_HOST = "$(BUILT_PRODUCTS_DIR)/testDemo.app/testDemo";
			};
			name = Debug;
		};
		824FABF31D2E51CC00A29884 /* Release */ = {
			isa = XCBuildConfiguration;
			buildSettings = {
				BUNDLE_LOADER = "$(TEST_HOST)";
				INFOPLIST_FILE = testDemoTests/Info.plist;
				LD_RUNPATH_SEARCH_PATHS = "$(inherited) @executable_path/Frameworks @loader_path/Frameworks";
				PRODUCT_BUNDLE_IDENTIFIER = com.stats.testDemoTests;
				PRODUCT_NAME = "$(TARGET_NAME)";
				TEST_HOST = "$(BUILT_PRODUCTS_DIR)/testDemo.app/testDemo";
			};
			name = Release;
		};
		824FABF51D2E51CC00A29884 /* Debug */ = {
			isa = XCBuildConfiguration;
			buildSettings = {
				INFOPLIST_FILE = testDemoUITests/Info.plist;
				LD_RUNPATH_SEARCH_PATHS = "$(inherited) @executable_path/Frameworks @loader_path/Frameworks";
				PRODUCT_BUNDLE_IDENTIFIER = com.stats.testDemoUITests;
				PRODUCT_NAME = "$(TARGET_NAME)";
				TEST_TARGET_NAME = testDemo;
			};
			name = Debug;
		};
		824FABF61D2E51CC00A29884 /* Release */ = {
			isa = XCBuildConfiguration;
			buildSettings = {
				INFOPLIST_FILE = testDemoUITests/Info.plist;
				LD_RUNPATH_SEARCH_PATHS = "$(inherited) @executable_path/Frameworks @loader_path/Frameworks";
				PRODUCT_BUNDLE_IDENTIFIER = com.stats.testDemoUITests;
				PRODUCT_NAME = "$(TARGET_NAME)";
				TEST_TARGET_NAME = testDemo;
			};
			name = Release;
		};
/* End XCBuildConfiguration section */

/* Begin XCConfigurationList section */
		824FABBC1D2E51CC00A29884 /* Build configuration list for PBXProject "testDemo" */ = {
			isa = XCConfigurationList;
			buildConfigurations = (
				824FABEC1D2E51CC00A29884 /* Debug */,
				824FABED1D2E51CC00A29884 /* Release */,
			);
			defaultConfigurationIsVisible = 0;
			defaultConfigurationName = Release;
		};
		824FABEE1D2E51CC00A29884 /* Build configuration list for PBXNativeTarget "testDemo" */ = {
			isa = XCConfigurationList;
			buildConfigurations = (
				824FABEF1D2E51CC00A29884 /* Debug */,
				824FABF01D2E51CC00A29884 /* Release */,
			);
			defaultConfigurationIsVisible = 0;
		};
		824FABF11D2E51CC00A29884 /* Build configuration list for PBXNativeTarget "testDemoTests" */ = {
			isa = XCConfigurationList;
			buildConfigurations = (
				824FABF21D2E51CC00A29884 /* Debug */,
				824FABF31D2E51CC00A29884 /* Release */,
			);
			defaultConfigurationIsVisible = 0;
		};
		824FABF41D2E51CC00A29884 /* Build configuration list for PBXNativeTarget "testDemoUITests" */ = {
			isa = XCConfigurationList;
			buildConfigurations = (
				824FABF51D2E51CC00A29884 /* Debug */,
				824FABF61D2E51CC00A29884 /* Release */,
			);
			defaultConfigurationIsVisible = 0;
		};
/* End XCConfigurationList section */
	};
	rootObject = 824FABB91D2E51CC00A29884 /* Project object */;
}
